
Microsoft Visual Studio Solution File, Format Version 12.00
# Visual Studio Version 17
VisualStudioVersion = 17.7.34202.233
MinimumVisualStudioVersion = 10.0.40219.1
Project("{FAE04EC0-301F-11D3-BF4B-00C04F79EFBC}") = "TodoList", "TodoList\TodoList.csproj", "{3E939527-F16E-43B5-9B27-93586397264D}"
EndProject
Global
	GlobalSection(SolutionConfigurationPlatforms) = preSolution
		Debug|Any CPU = Debug|Any CPU
		Release|Any CPU = Release|Any CPU
	EndGlobalSection
	GlobalSection(ProjectConfigurationPlatforms) = postSolution
		{3E939527-F16E-43B5-9B27-93586397264D}.Debug|Any CPU.ActiveCfg = Debug|Any CPU
		{3E939527-F16E-43B5-9B27-93586397264D}.Debug|Any CPU.Build.0 = Debug|Any CPU
		{3E939527-F16E-43B5-9B27-93586397264D}.Release|Any CPU.ActiveCfg = Release|Any CPU
		{3E939527-F16E-43B5-9B27-93586397264D}.Release|Any CPU.Build.0 = Release|Any CPU
	EndGlobalSection
	GlobalSection(SolutionProperties) = preSolution
		HideSolutionNode = FALSE
	EndGlobalSection
	GlobalSection(ExtensibilityGlobals) = postSolution
		SolutionGuid = {7F500F67-4386-4B66-A17A-82168847EE46}
	EndGlobalSection
EndGlobal
